
Microsoft Visual Studio Solution File, Format Version 12.00
# Visual Studio Version 17
VisualStudioVersion = 17.10.35122.118
MinimumVisualStudioVersion = 10.0.40219.1
Project("{FAE04EC0-301F-11D3-BF4B-00C04F79EFBC}") = "Catalogo-web-productos", "Catalogo-web-productos\Catalogo-web-productos.csproj", "{AAA91AA0-DCD1-4A99-A288-9E2A5D4737BB}"
EndProject
Project("{FAE04EC0-301F-11D3-BF4B-00C04F79EFBC}") = "Dominio", "Dominio\Dominio.csproj", "{A9348552-93D1-4290-AADE-B27EF141CC87}"
EndProject
Project("{FAE04EC0-301F-11D3-BF4B-00C04F79EFBC}") = "Negocio", "Negocio\Negocio.csproj", "{6CC01D52-5E7A-4CEC-AB9A-0166D90CA3FF}"
EndProject
Global
	GlobalSection(SolutionConfigurationPlatforms) = preSolution
		Debug|Any CPU = Debug|Any CPU
		Release|Any CPU = Release|Any CPU
	EndGlobalSection
	GlobalSection(ProjectConfigurationPlatforms) = postSolution
		{AAA91AA0-DCD1-4A99-A288-9E2A5D4737BB}.Debug|Any CPU.ActiveCfg = Debug|Any CPU
		{AAA91AA0-DCD1-4A99-A288-9E2A5D4737BB}.Debug|Any CPU.Build.0 = Debug|Any CPU
		{AAA91AA0-DCD1-4A99-A288-9E2A5D4737BB}.Release|Any CPU.ActiveCfg = Release|Any CPU
		{AAA91AA0-DCD1-4A99-A288-9E2A5D4737BB}.Release|Any CPU.Build.0 = Release|Any CPU
		{A9348552-93D1-4290-AADE-B27EF141CC87}.Debug|Any CPU.ActiveCfg = Debug|Any CPU
		{A9348552-93D1-4290-AADE-B27EF141CC87}.Debug|Any CPU.Build.0 = Debug|Any CPU
		{A9348552-93D1-4290-AADE-B27EF141CC87}.Release|Any CPU.ActiveCfg = Release|Any CPU
		{A9348552-93D1-4290-AADE-B27EF141CC87}.Release|Any CPU.Build.0 = Release|Any CPU
		{6CC01D52-5E7A-4CEC-AB9A-0166D90CA3FF}.Debug|Any CPU.ActiveCfg = Debug|Any CPU
		{6CC01D52-5E7A-4CEC-AB9A-0166D90CA3FF}.Debug|Any CPU.Build.0 = Debug|Any CPU
		{6CC01D52-5E7A-4CEC-AB9A-0166D90CA3FF}.Release|Any CPU.ActiveCfg = Release|Any CPU
		{6CC01D52-5E7A-4CEC-AB9A-0166D90CA3FF}.Release|Any CPU.Build.0 = Release|Any CPU
	EndGlobalSection
	GlobalSection(SolutionProperties) = preSolution
		HideSolutionNode = FALSE
	EndGlobalSection
	GlobalSection(ExtensibilityGlobals) = postSolution
		SolutionGuid = {ED5067B2-F360-4AA0-8166-64E87D64E986}
	EndGlobalSection
EndGlobal
